
Microsoft Visual Studio Solution File, Format Version 12.00
# Visual Studio Version 16
VisualStudioVersion = 16.0.29519.181
MinimumVisualStudioVersion = 10.0.40219.1
Project("{FAE04EC0-301F-11D3-BF4B-00C04F79EFBC}") = "EdhDeckBuilder", "EdhDeckBuilder.csproj", "{29A69A49-0556-4804-9335-8D149F79EA65}"
EndProject
Project("{FAE04EC0-301F-11D3-BF4B-00C04F79EFBC}") = "TestHarness", "..\TestHarness\TestHarness.csproj", "{4295CFD1-A5C6-49EB-B82E-B3902292FBC2}"
EndProject
Project("{FAE04EC0-301F-11D3-BF4B-00C04F79EFBC}") = "PuppeteerSandbox", "..\PuppeteerSandbox\PuppeteerSandbox.csproj", "{544E6EE5-6619-444A-B52A-D93215EE5841}"
EndProject
Project("{FAE04EC0-301F-11D3-BF4B-00C04F79EFBC}") = "Scryscraper", "..\Scryscraper\Scryscraper.csproj", "{B5C22310-2790-4947-B4E2-69ED4BC68034}"
EndProject
Global
	GlobalSection(SolutionConfigurationPlatforms) = preSolution
		Debug|Any CPU = Debug|Any CPU
		Release|Any CPU = Release|Any CPU
	EndGlobalSection
	GlobalSection(ProjectConfigurationPlatforms) = postSolution
		{29A69A49-0556-4804-9335-8D149F79EA65}.Debug|Any CPU.ActiveCfg = Debug|Any CPU
		{29A69A49-0556-4804-9335-8D149F79EA65}.Debug|Any CPU.Build.0 = Debug|Any CPU
		{29A69A49-0556-4804-9335-8D149F79EA65}.Release|Any CPU.ActiveCfg = Release|Any CPU
		{29A69A49-0556-4804-9335-8D149F79EA65}.Release|Any CPU.Build.0 = Release|Any CPU
		{4295CFD1-A5C6-49EB-B82E-B3902292FBC2}.Debug|Any CPU.ActiveCfg = Debug|Any CPU
		{4295CFD1-A5C6-49EB-B82E-B3902292FBC2}.Debug|Any CPU.Build.0 = Debug|Any CPU
		{4295CFD1-A5C6-49EB-B82E-B3902292FBC2}.Release|Any CPU.ActiveCfg = Release|Any CPU
		{4295CFD1-A5C6-49EB-B82E-B3902292FBC2}.Release|Any CPU.Build.0 = Release|Any CPU
		{544E6EE5-6619-444A-B52A-D93215EE5841}.Debug|Any CPU.ActiveCfg = Debug|Any CPU
		{544E6EE5-6619-444A-B52A-D93215EE5841}.Debug|Any CPU.Build.0 = Debug|Any CPU
		{544E6EE5-6619-444A-B52A-D93215EE5841}.Release|Any CPU.ActiveCfg = Release|Any CPU
		{544E6EE5-6619-444A-B52A-D93215EE5841}.Release|Any CPU.Build.0 = Release|Any CPU
		{B5C22310-2790-4947-B4E2-69ED4BC68034}.Debug|Any CPU.ActiveCfg = Debug|Any CPU
		{B5C22310-2790-4947-B4E2-69ED4BC68034}.Debug|Any CPU.Build.0 = Debug|Any CPU
		{B5C22310-2790-4947-B4E2-69ED4BC68034}.Release|Any CPU.ActiveCfg = Release|Any CPU
		{B5C22310-2790-4947-B4E2-69ED4BC68034}.Release|Any CPU.Build.0 = Release|Any CPU
	EndGlobalSection
	GlobalSection(SolutionProperties) = preSolution
		HideSolutionNode = FALSE
	EndGlobalSection
	GlobalSection(ExtensibilityGlobals) = postSolution
		SolutionGuid = {628469C8-2651-474D-8CA8-31B4DDE6126C}
	EndGlobalSection
EndGlobal
